
Microsoft Visual Studio Solution File, Format Version 12.00
# Visual Studio Version 17
VisualStudioVersion = 17.4.33213.308
MinimumVisualStudioVersion = 10.0.40219.1
Project("{2150E333-8FDC-42A3-9474-1A3956D46DE8}") = "frontend", "frontend", "{CD3C92F9-370B-44FB-A8CB-70386B13496C}"
EndProject
Project("{9A19103F-16F7-4668-BE54-9A1E7A4F7556}") = "Mango.Web", "Mango.Web\Mango.Web.csproj", "{A6290BCA-0D93-4835-9235-E4B5D7428A7B}"
EndProject
Project("{2150E333-8FDC-42A3-9474-1A3956D46DE8}") = "Services", "Services", "{BA72122B-C68E-47FD-8EC3-4E936A22D578}"
EndProject
Project("{9A19103F-16F7-4668-BE54-9A1E7A4F7556}") = "Magno.Services.ProductAPI", "Magno.Services.ProductAPI\Magno.Services.ProductAPI.csproj", "{008B982A-C6BD-487A-91DD-F3B95AFB91BA}"
EndProject
Project("{9A19103F-16F7-4668-BE54-9A1E7A4F7556}") = "Mango.Services.Identity", "Mango.Services.Identity\Mango.Services.Identity.csproj", "{8A794F88-7C2A-4553-9DD8-3530F4A22161}"
EndProject
Project("{9A19103F-16F7-4668-BE54-9A1E7A4F7556}") = "Mango.Services.ShoppingCartAPI", "Mango.Services.ShoppingCartAPI\Mango.Services.ShoppingCartAPI.csproj", "{4D3EC620-1C97-4B65-A236-815B58DDA7CF}"
EndProject
Project("{9A19103F-16F7-4668-BE54-9A1E7A4F7556}") = "Mango.Services.CouponAPI", "Mango.Services.CouponAPI\Mango.Services.CouponAPI.csproj", "{C22E9571-30B3-441F-B924-989293D92DF1}"
EndProject
Project("{2150E333-8FDC-42A3-9474-1A3956D46DE8}") = "Integration", "Integration", "{B7C3D322-4FF1-472B-A32D-E0239A48EEC9}"
EndProject
Project("{9A19103F-16F7-4668-BE54-9A1E7A4F7556}") = "Mango.MessageBus", "Mango.MessageBus\Mango.MessageBus.csproj", "{8BEC589B-3BA3-4C2F-A8FE-A841DD6F771A}"
EndProject
Project("{9A19103F-16F7-4668-BE54-9A1E7A4F7556}") = "Mango.Services.OrderAPI", "Mango.Services.OrderAPI\Mango.Services.OrderAPI.csproj", "{EE21955A-60D5-4D42-9C02-F9DDD01416C4}"
EndProject
Project("{2150E333-8FDC-42A3-9474-1A3956D46DE8}") = "Payments", "Payments", "{D9F10022-BC07-43FB-8A1B-740CD6F19F8B}"
EndProject
Project("{9A19103F-16F7-4668-BE54-9A1E7A4F7556}") = "PaymentProcessor", "PaymentProcessor\PaymentProcessor.csproj", "{CEA7515A-4EAF-4AE8-A10E-8B2410F93F0D}"
EndProject
Project("{9A19103F-16F7-4668-BE54-9A1E7A4F7556}") = "Mango.Services.PaymentAPI", "Mango.Services.PaymentAPI\Mango.Services.PaymentAPI.csproj", "{452A8D6B-BF3B-44BA-8FE7-B25D4C47E0F6}"
EndProject
Project("{9A19103F-16F7-4668-BE54-9A1E7A4F7556}") = "Mango.Services.Email", "Mango.Services.Email\Mango.Services.Email.csproj", "{1E027FBF-58BD-4367-A184-E1E22DA9F906}"
EndProject
Project("{2150E333-8FDC-42A3-9474-1A3956D46DE8}") = "Gateway", "Gateway", "{B8540579-6C03-44E1-AB7F-EB0199B253B5}"
EndProject
Project("{9A19103F-16F7-4668-BE54-9A1E7A4F7556}") = "Mango.GatewaySolution", "Mango.GatewaySolution\Mango.GatewaySolution.csproj", "{20C9C5DB-23CE-4879-BD24-F47E1994EB44}"
EndProject
Global
	GlobalSection(SolutionConfigurationPlatforms) = preSolution
		Debug|Any CPU = Debug|Any CPU
		Release|Any CPU = Release|Any CPU
	EndGlobalSection
	GlobalSection(ProjectConfigurationPlatforms) = postSolution
		{A6290BCA-0D93-4835-9235-E4B5D7428A7B}.Debug|Any CPU.ActiveCfg = Debug|Any CPU
		{A6290BCA-0D93-4835-9235-E4B5D7428A7B}.Debug|Any CPU.Build.0 = Debug|Any CPU
		{A6290BCA-0D93-4835-9235-E4B5D7428A7B}.Release|Any CPU.ActiveCfg = Release|Any CPU
		{A6290BCA-0D93-4835-9235-E4B5D7428A7B}.Release|Any CPU.Build.0 = Release|Any CPU
		{008B982A-C6BD-487A-91DD-F3B95AFB91BA}.Debug|Any CPU.ActiveCfg = Debug|Any CPU
		{008B982A-C6BD-487A-91DD-F3B95AFB91BA}.Debug|Any CPU.Build.0 = Debug|Any CPU
		{008B982A-C6BD-487A-91DD-F3B95AFB91BA}.Release|Any CPU.ActiveCfg = Release|Any CPU
		{008B982A-C6BD-487A-91DD-F3B95AFB91BA}.Release|Any CPU.Build.0 = Release|Any CPU
		{8A794F88-7C2A-4553-9DD8-3530F4A22161}.Debug|Any CPU.ActiveCfg = Debug|Any CPU
		{8A794F88-7C2A-4553-9DD8-3530F4A22161}.Debug|Any CPU.Build.0 = Debug|Any CPU
		{8A794F88-7C2A-4553-9DD8-3530F4A22161}.Release|Any CPU.ActiveCfg = Release|Any CPU
		{8A794F88-7C2A-4553-9DD8-3530F4A22161}.Release|Any CPU.Build.0 = Release|Any CPU
		{4D3EC620-1C97-4B65-A236-815B58DDA7CF}.Debug|Any CPU.ActiveCfg = Debug|Any CPU
		{4D3EC620-1C97-4B65-A236-815B58DDA7CF}.Debug|Any CPU.Build.0 = Debug|Any CPU
		{4D3EC620-1C97-4B65-A236-815B58DDA7CF}.Release|Any CPU.ActiveCfg = Release|Any CPU
		{4D3EC620-1C97-4B65-A236-815B58DDA7CF}.Release|Any CPU.Build.0 = Release|Any CPU
		{C22E9571-30B3-441F-B924-989293D92DF1}.Debug|Any CPU.ActiveCfg = Debug|Any CPU
		{C22E9571-30B3-441F-B924-989293D92DF1}.Debug|Any CPU.Build.0 = Debug|Any CPU
		{C22E9571-30B3-441F-B924-989293D92DF1}.Release|Any CPU.ActiveCfg = Release|Any CPU
		{C22E9571-30B3-441F-B924-989293D92DF1}.Release|Any CPU.Build.0 = Release|Any CPU
		{8BEC589B-3BA3-4C2F-A8FE-A841DD6F771A}.Debug|Any CPU.ActiveCfg = Debug|Any CPU
		{8BEC589B-3BA3-4C2F-A8FE-A841DD6F771A}.Debug|Any CPU.Build.0 = Debug|Any CPU
		{8BEC589B-3BA3-4C2F-A8FE-A841DD6F771A}.Release|Any CPU.ActiveCfg = Release|Any CPU
		{8BEC589B-3BA3-4C2F-A8FE-A841DD6F771A}.Release|Any CPU.Build.0 = Release|Any CPU
		{EE21955A-60D5-4D42-9C02-F9DDD01416C4}.Debug|Any CPU.ActiveCfg = Debug|Any CPU
		{EE21955A-60D5-4D42-9C02-F9DDD01416C4}.Debug|Any CPU.Build.0 = Debug|Any CPU
		{EE21955A-60D5-4D42-9C02-F9DDD01416C4}.Release|Any CPU.ActiveCfg = Release|Any CPU
		{EE21955A-60D5-4D42-9C02-F9DDD01416C4}.Release|Any CPU.Build.0 = Release|Any CPU
		{CEA7515A-4EAF-4AE8-A10E-8B2410F93F0D}.Debug|Any CPU.ActiveCfg = Debug|Any CPU
		{CEA7515A-4EAF-4AE8-A10E-8B2410F93F0D}.Debug|Any CPU.Build.0 = Debug|Any CPU
		{CEA7515A-4EAF-4AE8-A10E-8B2410F93F0D}.Release|Any CPU.ActiveCfg = Release|Any CPU
		{CEA7515A-4EAF-4AE8-A10E-8B2410F93F0D}.Release|Any CPU.Build.0 = Release|Any CPU
		{452A8D6B-BF3B-44BA-8FE7-B25D4C47E0F6}.Debug|Any CPU.ActiveCfg = Debug|Any CPU
		{452A8D6B-BF3B-44BA-8FE7-B25D4C47E0F6}.Debug|Any CPU.Build.0 = Debug|Any CPU
		{452A8D6B-BF3B-44BA-8FE7-B25D4C47E0F6}.Release|Any CPU.ActiveCfg = Release|Any CPU
		{452A8D6B-BF3B-44BA-8FE7-B25D4C47E0F6}.Release|Any CPU.Build.0 = Release|Any CPU
		{1E027FBF-58BD-4367-A184-E1E22DA9F906}.Debug|Any CPU.ActiveCfg = Debug|Any CPU
		{1E027FBF-58BD-4367-A184-E1E22DA9F906}.Debug|Any CPU.Build.0 = Debug|Any CPU
		{1E027FBF-58BD-4367-A184-E1E22DA9F906}.Release|Any CPU.ActiveCfg = Release|Any CPU
		{1E027FBF-58BD-4367-A184-E1E22DA9F906}.Release|Any CPU.Build.0 = Release|Any CPU
		{20C9C5DB-23CE-4879-BD24-F47E1994EB44}.Debug|Any CPU.ActiveCfg = Debug|Any CPU
		{20C9C5DB-23CE-4879-BD24-F47E1994EB44}.Debug|Any CPU.Build.0 = Debug|Any CPU
		{20C9C5DB-23CE-4879-BD24-F47E1994EB44}.Release|Any CPU.ActiveCfg = Release|Any CPU
		{20C9C5DB-23CE-4879-BD24-F47E1994EB44}.Release|Any CPU.Build.0 = Release|Any CPU
	EndGlobalSection
	GlobalSection(SolutionProperties) = preSolution
		HideSolutionNode = FALSE
	EndGlobalSection
	GlobalSection(NestedProjects) = preSolution
		{A6290BCA-0D93-4835-9235-E4B5D7428A7B} = {CD3C92F9-370B-44FB-A8CB-70386B13496C}
		{008B982A-C6BD-487A-91DD-F3B95AFB91BA} = {BA72122B-C68E-47FD-8EC3-4E936A22D578}
		{8A794F88-7C2A-4553-9DD8-3530F4A22161} = {BA72122B-C68E-47FD-8EC3-4E936A22D578}
		{4D3EC620-1C97-4B65-A236-815B58DDA7CF} = {BA72122B-C68E-47FD-8EC3-4E936A22D578}
		{C22E9571-30B3-441F-B924-989293D92DF1} = {BA72122B-C68E-47FD-8EC3-4E936A22D578}
		{8BEC589B-3BA3-4C2F-A8FE-A841DD6F771A} = {B7C3D322-4FF1-472B-A32D-E0239A48EEC9}
		{EE21955A-60D5-4D42-9C02-F9DDD01416C4} = {BA72122B-C68E-47FD-8EC3-4E936A22D578}
		{CEA7515A-4EAF-4AE8-A10E-8B2410F93F0D} = {D9F10022-BC07-43FB-8A1B-740CD6F19F8B}
		{452A8D6B-BF3B-44BA-8FE7-B25D4C47E0F6} = {BA72122B-C68E-47FD-8EC3-4E936A22D578}
		{1E027FBF-58BD-4367-A184-E1E22DA9F906} = {BA72122B-C68E-47FD-8EC3-4E936A22D578}
		{20C9C5DB-23CE-4879-BD24-F47E1994EB44} = {B8540579-6C03-44E1-AB7F-EB0199B253B5}
	EndGlobalSection
	GlobalSection(ExtensibilityGlobals) = postSolution
		SolutionGuid = {DF347654-2734-4DBB-96EB-04F4C2D4B6AA}
	EndGlobalSection
EndGlobal
